
Microsoft Visual Studio Solution File, Format Version 12.00
# Visual Studio Version 17
VisualStudioVersion = 17.14.37111.16 d17.14
MinimumVisualStudioVersion = 10.0.40219.1
Project("{FAE04EC0-301F-11D3-BF4B-00C04F79EFBC}") = "SystemPodatkowy", "SystemPodatkowy\SystemPodatkowy.csproj", "{302DCA3D-5767-422B-A6E7-1CF84FFAC109}"
EndProject
Global
	GlobalSection(SolutionConfigurationPlatforms) = preSolution
		Debug|Any CPU = Debug|Any CPU
		Release|Any CPU = Release|Any CPU
	EndGlobalSection
	GlobalSection(ProjectConfigurationPlatforms) = postSolution
		{302DCA3D-5767-422B-A6E7-1CF84FFAC109}.Debug|Any CPU.ActiveCfg = Debug|Any CPU
		{302DCA3D-5767-422B-A6E7-1CF84FFAC109}.Debug|Any CPU.Build.0 = Debug|Any CPU
		{302DCA3D-5767-422B-A6E7-1CF84FFAC109}.Release|Any CPU.ActiveCfg = Release|Any CPU
		{302DCA3D-5767-422B-A6E7-1CF84FFAC109}.Release|Any CPU.Build.0 = Release|Any CPU
	EndGlobalSection
	GlobalSection(SolutionProperties) = preSolution
		HideSolutionNode = FALSE
	EndGlobalSection
	GlobalSection(ExtensibilityGlobals) = postSolution
		SolutionGuid = {67C317EB-56D8-4DDD-B0F8-DCC8783BD404}
	EndGlobalSection
EndGlobal
